github.com/aws/aws-sdk-go v1.55.7 h1:UJrkFq7es5CShfBwlWAC8DA077vp8PyVbQd3lqLiztE=
github.com/aws/aws-sdk-go v1.55.7/go.mod h1:eRwEWoyTWFMVYVQzKMNHWP5/RV4xIUGMQfXQHfHkpNU=
github.com/prometheus/prometheus v0.304.1 h1:e4kpJMb2Vh/PcR6LInake+ofcvFYHT+bCfmBvOkaZbY=
github.com/prometheus/prometheus v0.304.1/go.mod h1:ioGx2SGKTY+fLnJSQCdTHqARVldGNS8OlIe3kvp98so=
